
Microsoft Visual Studio Solution File, Format Version 12.00
# Visual Studio Version 16
VisualStudioVersion = 16.0.30907.101
MinimumVisualStudioVersion = 10.0.40219.1
Project("{FAE04EC0-301F-11D3-BF4B-00C04F79EFBC}") = "minerService", "minerService\minerService.csproj", "{47D5010D-5494-48B8-B519-7C07ABBF4325}"
EndProject
Global
	GlobalSection(SolutionConfigurationPlatforms) = preSolution
		Debug|Any CPU = Debug|Any CPU
		Release|Any CPU = Release|Any CPU
	EndGlobalSection
	GlobalSection(ProjectConfigurationPlatforms) = postSolution
		{47D5010D-5494-48B8-B519-7C07ABBF4325}.Debug|Any CPU.ActiveCfg = Debug|Any CPU
		{47D5010D-5494-48B8-B519-7C07ABBF4325}.Debug|Any CPU.Build.0 = Debug|Any CPU
		{47D5010D-5494-48B8-B519-7C07ABBF4325}.Release|Any CPU.ActiveCfg = Release|Any CPU
		{47D5010D-5494-48B8-B519-7C07ABBF4325}.Release|Any CPU.Build.0 = Release|Any CPU
	EndGlobalSection
	GlobalSection(SolutionProperties) = preSolution
		HideSolutionNode = FALSE
	EndGlobalSection
	GlobalSection(ExtensibilityGlobals) = postSolution
		SolutionGuid = {DC6E8C36-2841-4718-A04E-17E3640312D3}
	EndGlobalSection
EndGlobal
